
Microsoft Visual Studio Solution File, Format Version 12.00
# Visual Studio Version 17
VisualStudioVersion = 17.11.35222.181
MinimumVisualStudioVersion = 10.0.40219.1
Project("{FAE04EC0-301F-11D3-BF4B-00C04F79EFBC}") = "DataApp", "DataApp\DataApp.csproj", "{A48253CD-5A4E-403B-9816-694840BEA392}"
EndProject
Project("{54435603-DBB4-11D2-8724-00A0C9A8B90C}") = "DataAppInstaller", "DataAppInstaller\DataAppInstaller.vdproj", "{BB6DCF84-5D75-47F9-A787-558F99838F66}"
EndProject
Global
	GlobalSection(SolutionConfigurationPlatforms) = preSolution
		Debug|Any CPU = Debug|Any CPU
		Debug|ARM = Debug|ARM
		Debug|ARM64 = Debug|ARM64
		Debug|x64 = Debug|x64
		Debug|x86 = Debug|x86
		Release|Any CPU = Release|Any CPU
		Release|ARM = Release|ARM
		Release|ARM64 = Release|ARM64
		Release|x64 = Release|x64
		Release|x86 = Release|x86
	EndGlobalSection
	GlobalSection(ProjectConfigurationPlatforms) = postSolution
		{A48253CD-5A4E-403B-9816-694840BEA392}.Debug|Any CPU.ActiveCfg = Debug|Any CPU
		{A48253CD-5A4E-403B-9816-694840BEA392}.Debug|Any CPU.Build.0 = Debug|Any CPU
		{A48253CD-5A4E-403B-9816-694840BEA392}.Debug|ARM.ActiveCfg = Debug|Any CPU
		{A48253CD-5A4E-403B-9816-694840BEA392}.Debug|ARM.Build.0 = Debug|Any CPU
		{A48253CD-5A4E-403B-9816-694840BEA392}.Debug|ARM64.ActiveCfg = Debug|Any CPU
		{A48253CD-5A4E-403B-9816-694840BEA392}.Debug|ARM64.Build.0 = Debug|Any CPU
		{A48253CD-5A4E-403B-9816-694840BEA392}.Debug|x64.ActiveCfg = Debug|Any CPU
		{A48253CD-5A4E-403B-9816-694840BEA392}.Debug|x64.Build.0 = Debug|Any CPU
		{A48253CD-5A4E-403B-9816-694840BEA392}.Debug|x86.ActiveCfg = Debug|Any CPU
		{A48253CD-5A4E-403B-9816-694840BEA392}.Debug|x86.Build.0 = Debug|Any CPU
		{A48253CD-5A4E-403B-9816-694840BEA392}.Release|Any CPU.ActiveCfg = Release|Any CPU
		{A48253CD-5A4E-403B-9816-694840BEA392}.Release|Any CPU.Build.0 = Release|Any CPU
		{A48253CD-5A4E-403B-9816-694840BEA392}.Release|ARM.ActiveCfg = Release|Any CPU
		{A48253CD-5A4E-403B-9816-694840BEA392}.Release|ARM.Build.0 = Release|Any CPU
		{A48253CD-5A4E-403B-9816-694840BEA392}.Release|ARM64.ActiveCfg = Release|Any CPU
		{A48253CD-5A4E-403B-9816-694840BEA392}.Release|ARM64.Build.0 = Release|Any CPU
		{A48253CD-5A4E-403B-9816-694840BEA392}.Release|x64.ActiveCfg = Release|Any CPU
		{A48253CD-5A4E-403B-9816-694840BEA392}.Release|x64.Build.0 = Release|Any CPU
		{A48253CD-5A4E-403B-9816-694840BEA392}.Release|x86.ActiveCfg = Release|Any CPU
		{A48253CD-5A4E-403B-9816-694840BEA392}.Release|x86.Build.0 = Release|Any CPU
		{BB6DCF84-5D75-47F9-A787-558F99838F66}.Debug|Any CPU.ActiveCfg = Debug
		{BB6DCF84-5D75-47F9-A787-558F99838F66}.Debug|ARM.ActiveCfg = Debug
		{BB6DCF84-5D75-47F9-A787-558F99838F66}.Debug|ARM64.ActiveCfg = Debug
		{BB6DCF84-5D75-47F9-A787-558F99838F66}.Debug|x64.ActiveCfg = Debug
		{BB6DCF84-5D75-47F9-A787-558F99838F66}.Debug|x86.ActiveCfg = Debug
		{BB6DCF84-5D75-47F9-A787-558F99838F66}.Release|Any CPU.ActiveCfg = Release
		{BB6DCF84-5D75-47F9-A787-558F99838F66}.Release|ARM.ActiveCfg = Release
		{BB6DCF84-5D75-47F9-A787-558F99838F66}.Release|ARM64.ActiveCfg = Release
		{BB6DCF84-5D75-47F9-A787-558F99838F66}.Release|x64.ActiveCfg = Release
		{BB6DCF84-5D75-47F9-A787-558F99838F66}.Release|x86.ActiveCfg = Release
	EndGlobalSection
	GlobalSection(SolutionProperties) = preSolution
		HideSolutionNode = FALSE
	EndGlobalSection
	GlobalSection(ExtensibilityGlobals) = postSolution
		SolutionGuid = {F04B5406-17E2-4EA0-83C7-A71B3CBCB9F0}
	EndGlobalSection
EndGlobal
